# THIS IS AN AUTOGENERATED FILE. DO NOT EDIT THIS FILE DIRECTLY.
# yarn lockfile v1


playwright-core@1.62.1:
  version "1.62.1"
  resolved "https://registry.yarnpkg.com/playwright-core/-/playwright-core-1.62.1.tgz#120f67a19181bfd183c60fa903c0d99330b56785"
  integrity sha512-wPYSwEBJY9GHraISXqyqtx0na0LpO3XEX7jNDhntbex7tzUS7kLnZsOlFruFJB4Hi/rhDMjXGqHewDZ68nYZVw==

three@0.186.0:
  version "0.186.0"
  resolved "https://registry.yarnpkg.com/three/-/three-0.186.0.tgz#08f70ce80dffa9247a567b421165bec630e86f8d"
  integrity sha512-cr/fIM2ddMSVbYVgkfD4jLJv7Fh/8ZTjvo+7gQeSVGUZHxpx9FDwoL5iC7hUz/LiRA8wMbqfnb90xKfm1/HHkQ==
