# THIS IS AN AUTOGENERATED FILE. DO NOT EDIT THIS FILE DIRECTLY.
# yarn lockfile v1


three@0.160.0:
  version "0.160.0"
  resolved "https://registry.yarnpkg.com/three/-/three-0.160.0.tgz#cd1e4dbd01aee0719280a9086d75545db52b7a8f"
  integrity sha512-DLU8lc0zNIPkM7rH5/e1Ks1Z8tWCGRq6g8mPowdDJpw1CFBJMU7UoJjC6PefXW7z//SSl0b2+GCw14LB+uDhng==
